
Microsoft Visual Studio Solution File, Format Version 12.00
# Visual Studio Version 17
VisualStudioVersion = 17.4.33213.308
MinimumVisualStudioVersion = 10.0.40219.1
Project("{FAE04EC0-301F-11D3-BF4B-00C04F79EFBC}") = "Image Compressor", "Image Compressor.csproj", "{C17873CB-EB86-4B44-8500-3201110E9E7F}"
EndProject
Global
	GlobalSection(SolutionConfigurationPlatforms) = preSolution
		Debug|Any CPU = Debug|Any CPU
		Release|Any CPU = Release|Any CPU
	EndGlobalSection
	GlobalSection(ProjectConfigurationPlatforms) = postSolution
		{C17873CB-EB86-4B44-8500-3201110E9E7F}.Debug|Any CPU.ActiveCfg = Debug|Any CPU
		{C17873CB-EB86-4B44-8500-3201110E9E7F}.Debug|Any CPU.Build.0 = Debug|Any CPU
		{C17873CB-EB86-4B44-8500-3201110E9E7F}.Release|Any CPU.ActiveCfg = Release|Any CPU
		{C17873CB-EB86-4B44-8500-3201110E9E7F}.Release|Any CPU.Build.0 = Release|Any CPU
	EndGlobalSection
	GlobalSection(SolutionProperties) = preSolution
		HideSolutionNode = FALSE
	EndGlobalSection
	GlobalSection(ExtensibilityGlobals) = postSolution
		SolutionGuid = {2066D69A-7377-4689-87E7-B939907AF821}
	EndGlobalSection
EndGlobal
